// !$*UTF8*$!
{
	archiveVersion = 1;
	classes = {
	};
	objectVersion = 56;
	objects = {

/* Begin PBXBuildFile section */
		AD231258283EED1200254BBF /* Assets.xcassets in Resources */ = {isa = PBXBuildFile; fileRef = AD231257283EED1200254BBF /* Assets.xcassets */; };
		AD23125C283EED1200254BBF /* Preview Assets.xcassets in Resources */ = {isa = PBXBuildFile; fileRef = AD23125B283EED1200254BBF /* Preview Assets.xcassets */; };
		AD231263283EF16900254BBF /* NavigationCookbookApp.swift in Sources */ = {isa = PBXBuildFile; fileRef = 4D613FD327FB91380018C5F3 /* NavigationCookbookApp.swift */; };
		AD231264283EF16900254BBF /* Category.swift in Sources */ = {isa = PBXBuildFile; fileRef = 4D5A797727FF62E9009CCB40 /* Category.swift */; };
		AD231265283EF16900254BBF /* DataModel.swift in Sources */ = {isa = PBXBuildFile; fileRef = 4D5A797427FF629F009CCB40 /* DataModel.swift */; };
		AD231266283EF16900254BBF /* Ingredient.swift in Sources */ = {isa = PBXBuildFile; fileRef = 4D5A797A27FF6329009CCB40 /* Ingredient.swift */; };
		AD231267283EF16900254BBF /* NavigationModel.swift in Sources */ = {isa = PBXBuildFile; fileRef = 4D5A796127FD4409009CCB40 /* NavigationModel.swift */; };
		AD231268283EF16900254BBF /* Recipe.swift in Sources */ = {isa = PBXBuildFile; fileRef = 4D5A797D27FF6350009CCB40 /* Recipe.swift */; };
		AD231269283EF16900254BBF /* ChallengeContentView.swift in Sources */ = {isa = PBXBuildFile; fileRef = 4DCEE8D9280E41F00054F7BD /* ChallengeContentView.swift */; };
		AD23126A283EF16900254BBF /* ContentView.swift in Sources */ = {isa = PBXBuildFile; fileRef = 4D613FD427FB91380018C5F3 /* ContentView.swift */; };
		AD23126B283EF16900254BBF /* ExperienceButton.swift in Sources */ = {isa = PBXBuildFile; fileRef = 4D5A797027FF5ED9009CCB40 /* ExperienceButton.swift */; };
		AD23126C283EF16900254BBF /* ExperiencePicker.swift in Sources */ = {isa = PBXBuildFile; fileRef = 4D5A796427FD4550009CCB40 /* ExperiencePicker.swift */; };
		AD23126D283EF16900254BBF /* RecipeDetail.swift in Sources */ = {isa = PBXBuildFile; fileRef = 4D5A798027FF7731009CCB40 /* RecipeDetail.swift */; };
		AD23126E283EF16900254BBF /* RecipeGrid.swift in Sources */ = {isa = PBXBuildFile; fileRef = 4D5A798327FF7EF2009CCB40 /* RecipeGrid.swift */; };
		AD23126F283EF16900254BBF /* RecipePhoto.swift in Sources */ = {isa = PBXBuildFile; fileRef = 4D4B1108282471950010C99B /* RecipePhoto.swift */; };
		AD231270283EF16900254BBF /* RecipeTile.swift in Sources */ = {isa = PBXBuildFile; fileRef = 4DCEE8D3280DD0F10054F7BD /* RecipeTile.swift */; };
		AD231271283EF16900254BBF /* StackContentView.swift in Sources */ = {isa = PBXBuildFile; fileRef = 4D5A796727FD4EBE009CCB40 /* StackContentView.swift */; };
		AD231272283EF16900254BBF /* ThreeColumnContentView.swift in Sources */ = {isa = PBXBuildFile; fileRef = 4D5A796D27FF5E91009CCB40 /* ThreeColumnContentView.swift */; };
		AD231273283EF16900254BBF /* TwoColumnContentView.swift in Sources */ = {isa = PBXBuildFile; fileRef = 4D5A796A27FF5E55009CCB40 /* TwoColumnContentView.swift */; };
		AD231275283EF6E600254BBF /* Experience.swift in Sources */ = {isa = PBXBuildFile; fileRef = AD231274283EF6E600254BBF /* Experience.swift */; };
		AD231277283EF84400254BBF /* ContinueButton.swift in Sources */ = {isa = PBXBuildFile; fileRef = AD231276283EF84400254BBF /* ContinueButton.swift */; };
		AD231279283EFD7D00254BBF /* ExperiencePickerRow.swift in Sources */ = {isa = PBXBuildFile; fileRef = AD231278283EFD7D00254BBF /* ExperiencePickerRow.swift */; };
/* End PBXBuildFile section */

/* Begin PBXFileReference section */
		2DD40DCA52A074FC257D68CB /* LICENSE.txt */ = {isa = PBXFileReference; includeInIndex = 1; path = LICENSE.txt; sourceTree = "<group>"; };
		4D4B1108282471950010C99B /* RecipePhoto.swift */ = {isa = PBXFileReference; lastKnownFileType = sourcecode.swift; path = RecipePhoto.swift; sourceTree = "<group>"; };
		4D5A796127FD4409009CCB40 /* NavigationModel.swift */ = {isa = PBXFileReference; lastKnownFileType = sourcecode.swift; path = NavigationModel.swift; sourceTree = "<group>"; };
		4D5A796427FD4550009CCB40 /* ExperiencePicker.swift */ = {isa = PBXFileReference; lastKnownFileType = sourcecode.swift; path = ExperiencePicker.swift; sourceTree = "<group>"; };
		4D5A796727FD4EBE009CCB40 /* StackContentView.swift */ = {isa = PBXFileReference; lastKnownFileType = sourcecode.swift; path = StackContentView.swift; sourceTree = "<group>"; };
		4D5A796A27FF5E55009CCB40 /* TwoColumnContentView.swift */ = {isa = PBXFileReference; lastKnownFileType = sourcecode.swift; path = TwoColumnContentView.swift; sourceTree = "<group>"; };
		4D5A796D27FF5E91009CCB40 /* ThreeColumnContentView.swift */ = {isa = PBXFileReference; lastKnownFileType = sourcecode.swift; path = ThreeColumnContentView.swift; sourceTree = "<group>"; };
		4D5A797027FF5ED9009CCB40 /* ExperienceButton.swift */ = {isa = PBXFileReference; lastKnownFileType = sourcecode.swift; path = ExperienceButton.swift; sourceTree = "<group>"; };
		4D5A797427FF629F009CCB40 /* DataModel.swift */ = {isa = PBXFileReference; lastKnownFileType = sourcecode.swift; path = DataModel.swift; sourceTree = "<group>"; };
		4D5A797727FF62E9009CCB40 /* Category.swift */ = {isa = PBXFileReference; lastKnownFileType = sourcecode.swift; path = Category.swift; sourceTree = "<group>"; };
		4D5A797A27FF6329009CCB40 /* Ingredient.swift */ = {isa = PBXFileReference; lastKnownFileType = sourcecode.swift; path = Ingredient.swift; sourceTree = "<group>"; };
		4D5A797D27FF6350009CCB40 /* Recipe.swift */ = {isa = PBXFileReference; lastKnownFileType = sourcecode.swift; path = Recipe.swift; sourceTree = "<group>"; };
		4D5A798027FF7731009CCB40 /* RecipeDetail.swift */ = {isa = PBXFileReference; lastKnownFileType = sourcecode.swift; path = RecipeDetail.swift; sourceTree = "<group>"; };
		4D5A798327FF7EF2009CCB40 /* RecipeGrid.swift */ = {isa = PBXFileReference; lastKnownFileType = sourcecode.swift; path = RecipeGrid.swift; sourceTree = "<group>"; };
		4D613FD327FB91380018C5F3 /* NavigationCookbookApp.swift */ = {isa = PBXFileReference; lastKnownFileType = sourcecode.swift; path = NavigationCookbookApp.swift; sourceTree = "<group>"; };
		4D613FD427FB91380018C5F3 /* ContentView.swift */ = {isa = PBXFileReference; lastKnownFileType = sourcecode.swift; path = ContentView.swift; sourceTree = "<group>"; };
		4DCEE8D3280DD0F10054F7BD /* RecipeTile.swift */ = {isa = PBXFileReference; lastKnownFileType = sourcecode.swift; path = RecipeTile.swift; sourceTree = "<group>"; };
		4DCEE8D9280E41F00054F7BD /* ChallengeContentView.swift */ = {isa = PBXFileReference; lastKnownFileType = sourcecode.swift; path = ChallengeContentView.swift; sourceTree = "<group>"; };
		6F464B98282B3A1C0982828E /* SampleCode.xcconfig */ = {isa = PBXFileReference; name = SampleCode.xcconfig; path = ../Configuration/SampleCode.xcconfig; sourceTree = "<group>"; };
		81F08C623A5969894A0E8B38 /* README.md */ = {isa = PBXFileReference; lastKnownFileType = net.daringfireball.markdown; name = README.md; path = ../README.md; sourceTree = "<group>"; };
		AD231251283EED1000254BBF /* NavigationCookbook.app */ = {isa = PBXFileReference; explicitFileType = wrapper.application; includeInIndex = 0; path = NavigationCookbook.app; sourceTree = BUILT_PRODUCTS_DIR; };
		AD231257283EED1200254BBF /* Assets.xcassets */ = {isa = PBXFileReference; lastKnownFileType = folder.assetcatalog; path = Assets.xcassets; sourceTree = "<group>"; };
		AD231259283EED1200254BBF /* NavigationCookbook.entitlements */ = {isa = PBXFileReference; lastKnownFileType = text.plist.entitlements; path = NavigationCookbook.entitlements; sourceTree = "<group>"; };
		AD23125B283EED1200254BBF /* Preview Assets.xcassets */ = {isa = PBXFileReference; lastKnownFileType = folder.assetcatalog; path = "Preview Assets.xcassets"; sourceTree = "<group>"; };
		AD231274283EF6E600254BBF /* Experience.swift */ = {isa = PBXFileReference; lastKnownFileType = sourcecode.swift; path = Experience.swift; sourceTree = "<group>"; };
		AD231276283EF84400254BBF /* ContinueButton.swift */ = {isa = PBXFileReference; lastKnownFileType = sourcecode.swift; path = ContinueButton.swift; sourceTree = "<group>"; };
		AD231278283EFD7D00254BBF /* ExperiencePickerRow.swift */ = {isa = PBXFileReference; lastKnownFileType = sourcecode.swift; path = ExperiencePickerRow.swift; sourceTree = "<group>"; };
/* End PBXFileReference section */

/* Begin PBXFrameworksBuildPhase section */
		AD23124E283EED1000254BBF /* Frameworks */ = {
			isa = PBXFrameworksBuildPhase;
			buildActionMask = 2147483647;
			files = (
			);
			runOnlyForDeploymentPostprocessing = 0;
		};
/* End PBXFrameworksBuildPhase section */

/* Begin PBXGroup section */
		34033B1DB84457A40E70D4EB /* Configuration */ = {
			isa = PBXGroup;
			children = (
				6F464B98282B3A1C0982828E /* SampleCode.xcconfig */,
			);
			name = Configuration;
			sourceTree = "<group>";
		};
		4D613FCD27FB91380018C5F3 = {
			isa = PBXGroup;
			children = (
				81F08C623A5969894A0E8B38 /* README.md */,
				AD231252283EED1000254BBF /* NavigationCookbook */,
				4D613FDB27FB913A0018C5F3 /* Products */,
				34033B1DB84457A40E70D4EB /* Configuration */,
				72B9290765DCBBBFA453E45D /* LICENSE */,
			);
			sourceTree = "<group>";
		};
		4D613FDB27FB913A0018C5F3 /* Products */ = {
			isa = PBXGroup;
			children = (
				AD231251283EED1000254BBF /* NavigationCookbook.app */,
			);
			name = Products;
			sourceTree = "<group>";
		};
		72B9290765DCBBBFA453E45D /* LICENSE */ = {
			isa = PBXGroup;
			children = (
				2DD40DCA52A074FC257D68CB /* LICENSE.txt */,
			);
			name = LICENSE;
			path = ../LICENSE;
			sourceTree = "<group>";
		};
		AD231252283EED1000254BBF /* NavigationCookbook */ = {
			isa = PBXGroup;
			children = (
				4D613FD327FB91380018C5F3 /* NavigationCookbookApp.swift */,
				AD231262283EEFA000254BBF /* Models */,
				AD231260283EEF6F00254BBF /* Resources */,
				AD231261283EEF8200254BBF /* Views */,
			);
			path = NavigationCookbook;
			sourceTree = "<group>";
		};
		AD23125A283EED1200254BBF /* Preview Content */ = {
			isa = PBXGroup;
			children = (
				AD23125B283EED1200254BBF /* Preview Assets.xcassets */,
			);
			path = "Preview Content";
			sourceTree = "<group>";
		};
		AD231260283EEF6F00254BBF /* Resources */ = {
			isa = PBXGroup;
			children = (
				AD231257283EED1200254BBF /* Assets.xcassets */,
				AD231259283EED1200254BBF /* NavigationCookbook.entitlements */,
				AD23125A283EED1200254BBF /* Preview Content */,
			);
			path = Resources;
			sourceTree = "<group>";
		};
		AD231261283EEF8200254BBF /* Views */ = {
			isa = PBXGroup;
			children = (
				4DCEE8D9280E41F00054F7BD /* ChallengeContentView.swift */,
				4D613FD427FB91380018C5F3 /* ContentView.swift */,
				AD231276283EF84400254BBF /* ContinueButton.swift */,
				4D5A797027FF5ED9009CCB40 /* ExperienceButton.swift */,
				4D5A796427FD4550009CCB40 /* ExperiencePicker.swift */,
				AD231278283EFD7D00254BBF /* ExperiencePickerRow.swift */,
				4D5A798027FF7731009CCB40 /* RecipeDetail.swift */,
				4D5A798327FF7EF2009CCB40 /* RecipeGrid.swift */,
				4D4B1108282471950010C99B /* RecipePhoto.swift */,
				4DCEE8D3280DD0F10054F7BD /* RecipeTile.swift */,
				4D5A796727FD4EBE009CCB40 /* StackContentView.swift */,
				4D5A796D27FF5E91009CCB40 /* ThreeColumnContentView.swift */,
				4D5A796A27FF5E55009CCB40 /* TwoColumnContentView.swift */,
			);
			path = Views;
			sourceTree = "<group>";
		};
		AD231262283EEFA000254BBF /* Models */ = {
			isa = PBXGroup;
			children = (
				4D5A797727FF62E9009CCB40 /* Category.swift */,
				4D5A797427FF629F009CCB40 /* DataModel.swift */,
				AD231274283EF6E600254BBF /* Experience.swift */,
				4D5A797A27FF6329009CCB40 /* Ingredient.swift */,
				4D5A796127FD4409009CCB40 /* NavigationModel.swift */,
				4D5A797D27FF6350009CCB40 /* Recipe.swift */,
			);
			path = Models;
			sourceTree = "<group>";
		};
/* End PBXGroup section */

/* Begin PBXNativeTarget section */
		AD231250283EED1000254BBF /* NavigationCookbook */ = {
			isa = PBXNativeTarget;
			buildConfigurationList = AD23125F283EED1200254BBF /* Build configuration list for PBXNativeTarget "NavigationCookbook" */;
			buildPhases = (
				AD23124D283EED1000254BBF /* Sources */,
				AD23124E283EED1000254BBF /* Frameworks */,
				AD23124F283EED1000254BBF /* Resources */,
			);
			buildRules = (
			);
			dependencies = (
			);
			name = NavigationCookbook;
			productName = NavigationCookbook;
			productReference = AD231251283EED1000254BBF /* NavigationCookbook.app */;
			productType = "com.apple.product-type.application";
		};
/* End PBXNativeTarget section */

/* Begin PBXProject section */
		4D613FCE27FB91380018C5F3 /* Project object */ = {
			isa = PBXProject;
			attributes = {
				BuildIndependentTargetsInParallel = 1;
				LastSwiftUpdateCheck = 1400;
				LastUpgradeCheck = 1400;
				ORGANIZATIONNAME = Apple;
				TargetAttributes = {
					AD231250283EED1000254BBF = {
						CreatedOnToolsVersion = 14.0;
					};
				};
			};
			buildConfigurationList = 4D613FD127FB91380018C5F3 /* Build configuration list for PBXProject "NavigationCookbook" */;
			compatibilityVersion = "Xcode 14.0";
			developmentRegion = en;
			hasScannedForEncodings = 0;
			knownRegions = (
				en,
				Base,
			);
			mainGroup = 4D613FCD27FB91380018C5F3;
			productRefGroup = 4D613FDB27FB913A0018C5F3 /* Products */;
			projectDirPath = "";
			projectRoot = "";
			targets = (
				AD231250283EED1000254BBF /* NavigationCookbook */,
			);
		};
/* End PBXProject section */

/* Begin PBXResourcesBuildPhase section */
		AD23124F283EED1000254BBF /* Resources */ = {
			isa = PBXResourcesBuildPhase;
			buildActionMask = 2147483647;
			files = (
				AD23125C283EED1200254BBF /* Preview Assets.xcassets in Resources */,
				AD231258283EED1200254BBF /* Assets.xcassets in Resources */,
			);
			runOnlyForDeploymentPostprocessing = 0;
		};
/* End PBXResourcesBuildPhase section */

/* Begin PBXSourcesBuildPhase section */
		AD23124D283EED1000254BBF /* Sources */ = {
			isa = PBXSourcesBuildPhase;
			buildActionMask = 2147483647;
			files = (
				AD231263283EF16900254BBF /* NavigationCookbookApp.swift in Sources */,
				AD231264283EF16900254BBF /* Category.swift in Sources */,
				AD231265283EF16900254BBF /* DataModel.swift in Sources */,
				AD231266283EF16900254BBF /* Ingredient.swift in Sources */,
				AD231267283EF16900254BBF /* NavigationModel.swift in Sources */,
				AD231268283EF16900254BBF /* Recipe.swift in Sources */,
				AD231269283EF16900254BBF /* ChallengeContentView.swift in Sources */,
				AD23126A283EF16900254BBF /* ContentView.swift in Sources */,
				AD231275283EF6E600254BBF /* Experience.swift in Sources */,
				AD23126B283EF16900254BBF /* ExperienceButton.swift in Sources */,
				AD23126C283EF16900254BBF /* ExperiencePicker.swift in Sources */,
				AD23126D283EF16900254BBF /* RecipeDetail.swift in Sources */,
				AD23126E283EF16900254BBF /* RecipeGrid.swift in Sources */,
				AD23126F283EF16900254BBF /* RecipePhoto.swift in Sources */,
				AD231279283EFD7D00254BBF /* ExperiencePickerRow.swift in Sources */,
				AD231270283EF16900254BBF /* RecipeTile.swift in Sources */,
				AD231271283EF16900254BBF /* StackContentView.swift in Sources */,
				AD231272283EF16900254BBF /* ThreeColumnContentView.swift in Sources */,
				AD231277283EF84400254BBF /* ContinueButton.swift in Sources */,
				AD231273283EF16900254BBF /* TwoColumnContentView.swift in Sources */,
			);
			runOnlyForDeploymentPostprocessing = 0;
		};
/* End PBXSourcesBuildPhase section */

/* Begin XCBuildConfiguration section */
		4D613FE927FB913A0018C5F3 /* Debug */ = {
			isa = XCBuildConfiguration;
			baseConfigurationReference = 6F464B98282B3A1C0982828E /* SampleCode.xcconfig */;
			buildSettings = {
				ALWAYS_SEARCH_USER_PATHS = NO;
				CLANG_ANALYZER_NONNULL = YES;
				CLANG_ANALYZER_NUMBER_OBJECT_CONVERSION = YES_AGGRESSIVE;
				CLANG_CXX_LANGUAGE_STANDARD = "gnu++17";
				CLANG_ENABLE_MODULES = YES;
				CLANG_ENABLE_OBJC_ARC = YES;
				CLANG_ENABLE_OBJC_WEAK = YES;
				CLANG_WARN_BLOCK_CAPTURE_AUTORELEASING = YES;
				CLANG_WARN_BOOL_CONVERSION = YES;
				CLANG_WARN_COMMA = YES;
				CLANG_WARN_CONSTANT_CONVERSION = YES;
				CLANG_WARN_DEPRECATED_OBJC_IMPLEMENTATIONS = YES;
				CLANG_WARN_DIRECT_OBJC_ISA_USAGE = YES_ERROR;
				CLANG_WARN_DOCUMENTATION_COMMENTS = YES;
				CLANG_WARN_EMPTY_BODY = YES;
				CLANG_WARN_ENUM_CONVERSION = YES;
				CLANG_WARN_INFINITE_RECURSION = YES;
				CLANG_WARN_INT_CONVERSION = YES;
				CLANG_WARN_NON_LITERAL_NULL_CONVERSION = YES;
				CLANG_WARN_OBJC_IMPLICIT_RETAIN_SELF = YES;
				CLANG_WARN_OBJC_LITERAL_CONVERSION = YES;
				CLANG_WARN_OBJC_ROOT_CLASS = YES_ERROR;
				CLANG_WARN_QUOTED_INCLUDE_IN_FRAMEWORK_HEADER = YES;
				CLANG_WARN_RANGE_LOOP_ANALYSIS = YES;
				CLANG_WARN_STRICT_PROTOTYPES = YES;
				CLANG_WARN_SUSPICIOUS_MOVE = YES;
				CLANG_WARN_UNGUARDED_AVAILABILITY = YES_AGGRESSIVE;
				CLANG_WARN_UNREACHABLE_CODE = YES;
				CLANG_WARN__DUPLICATE_METHOD_MATCH = YES;
				COMPILER_INDEX_STORE_ENABLE = No;
				COPY_PHASE_STRIP = NO;
				DEBUG_INFORMATION_FORMAT = dwarf;
				ENABLE_STRICT_OBJC_MSGSEND = YES;
				ENABLE_TESTABILITY = YES;
				GCC_C_LANGUAGE_STANDARD = gnu11;
				GCC_DYNAMIC_NO_PIC = NO;
				GCC_NO_COMMON_BLOCKS = YES;
				GCC_OPTIMIZATION_LEVEL = 0;
				GCC_PREPROCESSOR_DEFINITIONS = (
					"DEBUG=1",
					"$(inherited)",
				);
				GCC_WARN_64_TO_32_BIT_CONVERSION = YES;
				GCC_WARN_ABOUT_RETURN_TYPE = YES_ERROR;
				GCC_WARN_UNDECLARED_SELECTOR = YES;
				GCC_WARN_UNINITIALIZED_AUTOS = YES_AGGRESSIVE;
				GCC_WARN_UNUSED_FUNCTION = YES;
				GCC_WARN_UNUSED_VARIABLE = YES;
				IPHONEOS_DEPLOYMENT_TARGET = 16.0;
				MACOSX_DEPLOYMENT_TARGET = 13.0;
				MTL_ENABLE_DEBUG_INFO = INCLUDE_SOURCE;
				MTL_FAST_MATH = YES;
				ONLY_ACTIVE_ARCH = YES;
				SWIFT_ACTIVE_COMPILATION_CONDITIONS = DEBUG;
				SWIFT_OPTIMIZATION_LEVEL = "-Onone";
			};
			name = Debug;
		};
		4D613FEA27FB913A0018C5F3 /* Release */ = {
			isa = XCBuildConfiguration;
			baseConfigurationReference = 6F464B98282B3A1C0982828E /* SampleCode.xcconfig */;
			buildSettings = {
				ALWAYS_SEARCH_USER_PATHS = NO;
				CLANG_ANALYZER_NONNULL = YES;
				CLANG_ANALYZER_NUMBER_OBJECT_CONVERSION = YES_AGGRESSIVE;
				CLANG_CXX_LANGUAGE_STANDARD = "gnu++17";
				CLANG_ENABLE_MODULES = YES;
				CLANG_ENABLE_OBJC_ARC = YES;
				CLANG_ENABLE_OBJC_WEAK = YES;
				CLANG_WARN_BLOCK_CAPTURE_AUTORELEASING = YES;
				CLANG_WARN_BOOL_CONVERSION = YES;
				CLANG_WARN_COMMA = YES;
				CLANG_WARN_CONSTANT_CONVERSION = YES;
				CLANG_WARN_DEPRECATED_OBJC_IMPLEMENTATIONS = YES;
				CLANG_WARN_DIRECT_OBJC_ISA_USAGE = YES_ERROR;
				CLANG_WARN_DOCUMENTATION_COMMENTS = YES;
				CLANG_WARN_EMPTY_BODY = YES;
				CLANG_WARN_ENUM_CONVERSION = YES;
				CLANG_WARN_INFINITE_RECURSION = YES;
				CLANG_WARN_INT_CONVERSION = YES;
				CLANG_WARN_NON_LITERAL_NULL_CONVERSION = YES;
				CLANG_WARN_OBJC_IMPLICIT_RETAIN_SELF = YES;
				CLANG_WARN_OBJC_LITERAL_CONVERSION = YES;
				CLANG_WARN_OBJC_ROOT_CLASS = YES_ERROR;
				CLANG_WARN_QUOTED_INCLUDE_IN_FRAMEWORK_HEADER = YES;
				CLANG_WARN_RANGE_LOOP_ANALYSIS = YES;
				CLANG_WARN_STRICT_PROTOTYPES = YES;
				CLANG_WARN_SUSPICIOUS_MOVE = YES;
				CLANG_WARN_UNGUARDED_AVAILABILITY = YES_AGGRESSIVE;
				CLANG_WARN_UNREACHABLE_CODE = YES;
				CLANG_WARN__DUPLICATE_METHOD_MATCH = YES;
				COMPILER_INDEX_STORE_ENABLE = No;
				COPY_PHASE_STRIP = NO;
				DEBUG_INFORMATION_FORMAT = "dwarf-with-dsym";
				ENABLE_NS_ASSERTIONS = NO;
				ENABLE_STRICT_OBJC_MSGSEND = YES;
				GCC_C_LANGUAGE_STANDARD = gnu11;
				GCC_NO_COMMON_BLOCKS = YES;
				GCC_WARN_64_TO_32_BIT_CONVERSION = YES;
				GCC_WARN_ABOUT_RETURN_TYPE = YES_ERROR;
				GCC_WARN_UNDECLARED_SELECTOR = YES;
				GCC_WARN_UNINITIALIZED_AUTOS = YES_AGGRESSIVE;
				GCC_WARN_UNUSED_FUNCTION = YES;
				GCC_WARN_UNUSED_VARIABLE = YES;
				IPHONEOS_DEPLOYMENT_TARGET = 16.0;
				MACOSX_DEPLOYMENT_TARGET = 13.0;
				MTL_ENABLE_DEBUG_INFO = NO;
				MTL_FAST_MATH = YES;
				SWIFT_COMPILATION_MODE = wholemodule;
				SWIFT_OPTIMIZATION_LEVEL = "-O";
			};
			name = Release;
		};
		AD23125D283EED1200254BBF /* Debug */ = {
			isa = XCBuildConfiguration;
			baseConfigurationReference = 6F464B98282B3A1C0982828E /* SampleCode.xcconfig */;
			buildSettings = {
				ASSETCATALOG_COMPILER_APPICON_NAME = AppIcon;
				ASSETCATALOG_COMPILER_GLOBAL_ACCENT_COLOR_NAME = AccentColor;
				CODE_SIGN_ENTITLEMENTS = NavigationCookbook/Resources/NavigationCookbook.entitlements;
				CODE_SIGN_IDENTITY = "Apple Development";
				"CODE_SIGN_IDENTITY[sdk=macosx*]" = "Apple Development";
				CODE_SIGN_STYLE = Automatic;
				CURRENT_PROJECT_VERSION = 1;
				DEVELOPMENT_ASSET_PATHS = "\"NavigationCookbook/Resources/Preview Content\"";
				DEVELOPMENT_TEAM = "";
				ENABLE_PREVIEWS = YES;
				GENERATE_INFOPLIST_FILE = YES;
				"INFOPLIST_KEY_UILaunchScreen_Generation[sdk=iphoneos*]" = YES;
				"INFOPLIST_KEY_UILaunchScreen_Generation[sdk=iphonesimulator*]" = YES;
				"INFOPLIST_KEY_UISupportedInterfaceOrientations_iPad[sdk=iphoneos*]" = "UIInterfaceOrientationPortrait UIInterfaceOrientationPortraitUpsideDown UIInterfaceOrientationLandscapeLeft UIInterfaceOrientationLandscapeRight";
				"INFOPLIST_KEY_UISupportedInterfaceOrientations_iPad[sdk=iphonesimulator*]" = "UIInterfaceOrientationPortrait UIInterfaceOrientationPortraitUpsideDown UIInterfaceOrientationLandscapeLeft UIInterfaceOrientationLandscapeRight";
				"INFOPLIST_KEY_UISupportedInterfaceOrientations_iPhone[sdk=iphoneos*]" = "UIInterfaceOrientationPortrait UIInterfaceOrientationLandscapeLeft UIInterfaceOrientationLandscapeRight";
				"INFOPLIST_KEY_UISupportedInterfaceOrientations_iPhone[sdk=iphonesimulator*]" = "UIInterfaceOrientationPortrait UIInterfaceOrientationLandscapeLeft UIInterfaceOrientationLandscapeRight";
				IPHONEOS_DEPLOYMENT_TARGET = 16.0;
				LD_RUNPATH_SEARCH_PATHS = "@executable_path/Frameworks";
				"LD_RUNPATH_SEARCH_PATHS[sdk=macosx*]" = "@executable_path/../Frameworks";
				MACOSX_DEPLOYMENT_TARGET = 13.0;
				MARKETING_VERSION = 1.0;
				PRODUCT_BUNDLE_IDENTIFIER = "com.example.apple-samplecode.NavigationCookbook${SAMPLE_CODE_DISAMBIGUATOR}.NavigationCookbook";
				PRODUCT_NAME = "$(TARGET_NAME)";
				PROVISIONING_PROFILE_SPECIFIER = "";
				SDKROOT = auto;
				SUPPORTED_PLATFORMS = "iphoneos iphonesimulator macosx";
				SWIFT_EMIT_LOC_STRINGS = YES;
				SWIFT_VERSION = 5.0;
				TARGETED_DEVICE_FAMILY = "1,2";
			};
			name = Debug;
		};
		AD23125E283EED1200254BBF /* Release */ = {
			isa = XCBuildConfiguration;
			baseConfigurationReference = 6F464B98282B3A1C0982828E /* SampleCode.xcconfig */;
			buildSettings = {
				ASSETCATALOG_COMPILER_APPICON_NAME = AppIcon;
				ASSETCATALOG_COMPILER_GLOBAL_ACCENT_COLOR_NAME = AccentColor;
				CODE_SIGN_ENTITLEMENTS = NavigationCookbook/Resources/NavigationCookbook.entitlements;
				CODE_SIGN_IDENTITY = "Apple Development";
				"CODE_SIGN_IDENTITY[sdk=macosx*]" = "Apple Development";
				CODE_SIGN_STYLE = Automatic;
				CURRENT_PROJECT_VERSION = 1;
				DEVELOPMENT_ASSET_PATHS = "\"NavigationCookbook/Resources/Preview Content\"";
				DEVELOPMENT_TEAM = "";
				ENABLE_PREVIEWS = YES;
				GENERATE_INFOPLIST_FILE = YES;
				"INFOPLIST_KEY_UILaunchScreen_Generation[sdk=iphoneos*]" = YES;
				"INFOPLIST_KEY_UILaunchScreen_Generation[sdk=iphonesimulator*]" = YES;
				"INFOPLIST_KEY_UISupportedInterfaceOrientations_iPad[sdk=iphoneos*]" = "UIInterfaceOrientationPortrait UIInterfaceOrientationPortraitUpsideDown UIInterfaceOrientationLandscapeLeft UIInterfaceOrientationLandscapeRight";
				"INFOPLIST_KEY_UISupportedInterfaceOrientations_iPad[sdk=iphonesimulator*]" = "UIInterfaceOrientationPortrait UIInterfaceOrientationPortraitUpsideDown UIInterfaceOrientationLandscapeLeft UIInterfaceOrientationLandscapeRight";
				"INFOPLIST_KEY_UISupportedInterfaceOrientations_iPhone[sdk=iphoneos*]" = "UIInterfaceOrientationPortrait UIInterfaceOrientationLandscapeLeft UIInterfaceOrientationLandscapeRight";
				"INFOPLIST_KEY_UISupportedInterfaceOrientations_iPhone[sdk=iphonesimulator*]" = "UIInterfaceOrientationPortrait UIInterfaceOrientationLandscapeLeft UIInterfaceOrientationLandscapeRight";
				IPHONEOS_DEPLOYMENT_TARGET = 16.0;
				LD_RUNPATH_SEARCH_PATHS = "@executable_path/Frameworks";
				"LD_RUNPATH_SEARCH_PATHS[sdk=macosx*]" = "@executable_path/../Frameworks";
				MACOSX_DEPLOYMENT_TARGET = 13.0;
				MARKETING_VERSION = 1.0;
				PRODUCT_BUNDLE_IDENTIFIER = "com.example.apple-samplecode.NavigationCookbook${SAMPLE_CODE_DISAMBIGUATOR}.NavigationCookbook";
				PRODUCT_NAME = "$(TARGET_NAME)";
				PROVISIONING_PROFILE_SPECIFIER = "";
				SDKROOT = auto;
				SUPPORTED_PLATFORMS = "iphoneos iphonesimulator macosx";
				SWIFT_EMIT_LOC_STRINGS = YES;
				SWIFT_VERSION = 5.0;
				TARGETED_DEVICE_FAMILY = "1,2";
			};
			name = Release;
		};
/* End XCBuildConfiguration section */

/* Begin XCConfigurationList section */
		4D613FD127FB91380018C5F3 /* Build configuration list for PBXProject "NavigationCookbook" */ = {
			isa = XCConfigurationList;
			buildConfigurations = (
				4D613FE927FB913A0018C5F3 /* Debug */,
				4D613FEA27FB913A0018C5F3 /* Release */,
			);
			defaultConfigurationIsVisible = 0;
			defaultConfigurationName = Release;
		};
		AD23125F283EED1200254BBF /* Build configuration list for PBXNativeTarget "NavigationCookbook" */ = {
			isa = XCConfigurationList;
			buildConfigurations = (
				AD23125D283EED1200254BBF /* Debug */,
				AD23125E283EED1200254BBF /* Release */,
			);
			defaultConfigurationIsVisible = 0;
			defaultConfigurationName = Release;
		};
/* End XCConfigurationList section */
	};
	rootObject = 4D613FCE27FB91380018C5F3 /* Project object */;
}
