<?xml version="1.0" encoding="utf-8" standalone="no"?>
<Scheme LastUpgradeVersion="1100" version="1.3">
	<AnalyzeAction buildConfiguration="Debug" />
	<ArchiveAction buildConfiguration="Release" revealArchiveInOrganizer="YES" />
	<TestAction selectedLauncherIdentifier="Xcode.DebuggerFoundation.Launcher.LLDB" selectedDebuggerIdentifier="Xcode.DebuggerFoundation.Debugger.LLDB" shouldUseLaunchSchemeArgsEnv="YES" codeCoverageEnabled="NO" buildConfiguration="Debug">
		<Testables />
	</TestAction>
	<ProfileAction useCustomWorkingDirectory="NO" debugDocumentVersioning="YES" buildConfiguration="Release" shouldUseLaunchSchemeArgsEnv="YES" savedToolIdentifier="">
		<BuildableProductRunnable runnableDebuggingMode="0">
			<BuildableReference BuildableName="ColorFeed.app" BlueprintName="ColorFeed" ReferencedContainer="container:ColorFeed.xcodeproj" BlueprintIdentifier="CAB3DF35227E84E500086869" BuildableIdentifier="primary" />
		</BuildableProductRunnable>
	</ProfileAction>
	<BuildAction parallelizeBuildables="YES" buildImplicitDependencies="YES">
		<BuildActionEntries>
			<BuildActionEntry buildForRunning="YES" buildForProfiling="YES" buildForAnalyzing="YES" buildForArchiving="YES" buildForTesting="YES">
				<BuildableReference BuildableIdentifier="primary" BlueprintName="ColorFeed" BuildableName="ColorFeed.app" BlueprintIdentifier="CAB3DF35227E84E500086869" ReferencedContainer="container:ColorFeed.xcodeproj" />
			</BuildActionEntry>
		</BuildActionEntries>
	</BuildAction>
	<LaunchAction useCustomWorkingDirectory="NO" selectedDebuggerIdentifier="Xcode.DebuggerFoundation.Debugger.LLDB" debugDocumentVersioning="YES" ignoresPersistentStateOnLaunch="NO" debugServiceExtension="internal" allowLocationSimulation="YES" launchStyle="0" buildConfiguration="Debug" selectedLauncherIdentifier="Xcode.DebuggerFoundation.Launcher.LLDB">
		<BuildableProductRunnable runnableDebuggingMode="0">
			<BuildableReference BlueprintName="ColorFeed" BuildableIdentifier="primary" BlueprintIdentifier="CAB3DF35227E84E500086869" BuildableName="ColorFeed.app" ReferencedContainer="container:ColorFeed.xcodeproj" />
		</BuildableProductRunnable>
	</LaunchAction>
</Scheme>